
Microsoft Visual Studio Solution File, Format Version 12.00
# Visual Studio Version 16
VisualStudioVersion = 16.0.31729.503
MinimumVisualStudioVersion = 10.0.40219.1
Project("{FAE04EC0-301F-11D3-BF4B-00C04F79EFBC}") = "HostingEmap", "HostingEmap\HostingEmap.csproj", "{C848C7F8-8F41-4F1F-A6C3-B42C89E9B43A}"
EndProject
Project("{FAE04EC0-301F-11D3-BF4B-00C04F79EFBC}") = "WpfAppControl", "WpfAppControl\WpfAppControl.csproj", "{2FABFD7C-6DCF-4E7A-89F8-CA71F200D78A}"
EndProject
Project("{FAE04EC0-301F-11D3-BF4B-00C04F79EFBC}") = "BarCodeParser", "WindowsFormsApp1\BarCodeParser.csproj", "{A8685E30-C68E-4648-9821-82D783DC7985}"
EndProject
Global
	GlobalSection(SolutionConfigurationPlatforms) = preSolution
		Debug|Any CPU = Debug|Any CPU
		Debug|x64 = Debug|x64
		Debug|x86 = Debug|x86
		Release|Any CPU = Release|Any CPU
		Release|x64 = Release|x64
		Release|x86 = Release|x86
	EndGlobalSection
	GlobalSection(ProjectConfigurationPlatforms) = postSolution
		{C848C7F8-8F41-4F1F-A6C3-B42C89E9B43A}.Debug|Any CPU.ActiveCfg = Debug|x86
		{C848C7F8-8F41-4F1F-A6C3-B42C89E9B43A}.Debug|x64.ActiveCfg = Debug|x64
		{C848C7F8-8F41-4F1F-A6C3-B42C89E9B43A}.Debug|x64.Build.0 = Debug|x64
		{C848C7F8-8F41-4F1F-A6C3-B42C89E9B43A}.Debug|x86.ActiveCfg = Debug|x86
		{C848C7F8-8F41-4F1F-A6C3-B42C89E9B43A}.Debug|x86.Build.0 = Debug|x86
		{C848C7F8-8F41-4F1F-A6C3-B42C89E9B43A}.Release|Any CPU.ActiveCfg = Release|x86
		{C848C7F8-8F41-4F1F-A6C3-B42C89E9B43A}.Release|x64.ActiveCfg = Release|x64
		{C848C7F8-8F41-4F1F-A6C3-B42C89E9B43A}.Release|x64.Build.0 = Release|x64
		{C848C7F8-8F41-4F1F-A6C3-B42C89E9B43A}.Release|x86.ActiveCfg = Release|x86
		{C848C7F8-8F41-4F1F-A6C3-B42C89E9B43A}.Release|x86.Build.0 = Release|x86
		{2FABFD7C-6DCF-4E7A-89F8-CA71F200D78A}.Debug|Any CPU.ActiveCfg = Debug|Any CPU
		{2FABFD7C-6DCF-4E7A-89F8-CA71F200D78A}.Debug|Any CPU.Build.0 = Debug|Any CPU
		{2FABFD7C-6DCF-4E7A-89F8-CA71F200D78A}.Debug|x64.ActiveCfg = Debug|x64
		{2FABFD7C-6DCF-4E7A-89F8-CA71F200D78A}.Debug|x64.Build.0 = Debug|x64
		{2FABFD7C-6DCF-4E7A-89F8-CA71F200D78A}.Debug|x86.ActiveCfg = Debug|x86
		{2FABFD7C-6DCF-4E7A-89F8-CA71F200D78A}.Debug|x86.Build.0 = Debug|x86
		{2FABFD7C-6DCF-4E7A-89F8-CA71F200D78A}.Release|Any CPU.ActiveCfg = Release|Any CPU
		{2FABFD7C-6DCF-4E7A-89F8-CA71F200D78A}.Release|Any CPU.Build.0 = Release|Any CPU
		{2FABFD7C-6DCF-4E7A-89F8-CA71F200D78A}.Release|x64.ActiveCfg = Release|x64
		{2FABFD7C-6DCF-4E7A-89F8-CA71F200D78A}.Release|x64.Build.0 = Release|x64
		{2FABFD7C-6DCF-4E7A-89F8-CA71F200D78A}.Release|x86.ActiveCfg = Release|x86
		{2FABFD7C-6DCF-4E7A-89F8-CA71F200D78A}.Release|x86.Build.0 = Release|x86
		{A8685E30-C68E-4648-9821-82D783DC7985}.Debug|Any CPU.ActiveCfg = Debug|Any CPU
		{A8685E30-C68E-4648-9821-82D783DC7985}.Debug|Any CPU.Build.0 = Debug|Any CPU
		{A8685E30-C68E-4648-9821-82D783DC7985}.Debug|x64.ActiveCfg = Debug|Any CPU
		{A8685E30-C68E-4648-9821-82D783DC7985}.Debug|x64.Build.0 = Debug|Any CPU
		{A8685E30-C68E-4648-9821-82D783DC7985}.Debug|x86.ActiveCfg = Debug|Any CPU
		{A8685E30-C68E-4648-9821-82D783DC7985}.Debug|x86.Build.0 = Debug|Any CPU
		{A8685E30-C68E-4648-9821-82D783DC7985}.Release|Any CPU.ActiveCfg = Release|Any CPU
		{A8685E30-C68E-4648-9821-82D783DC7985}.Release|Any CPU.Build.0 = Release|Any CPU
		{A8685E30-C68E-4648-9821-82D783DC7985}.Release|x64.ActiveCfg = Release|Any CPU
		{A8685E30-C68E-4648-9821-82D783DC7985}.Release|x64.Build.0 = Release|Any CPU
		{A8685E30-C68E-4648-9821-82D783DC7985}.Release|x86.ActiveCfg = Release|Any CPU
		{A8685E30-C68E-4648-9821-82D783DC7985}.Release|x86.Build.0 = Release|Any CPU
	EndGlobalSection
	GlobalSection(SolutionProperties) = preSolution
		HideSolutionNode = FALSE
	EndGlobalSection
	GlobalSection(ExtensibilityGlobals) = postSolution
		SolutionGuid = {A2E6C8AD-FD2C-4153-BE35-491F443EA2F2}
	EndGlobalSection
EndGlobal
